
Microsoft Visual Studio Solution File, Format Version 12.00
# Visual Studio 15
VisualStudioVersion = 15.0.27004.2009
MinimumVisualStudioVersion = 10.0.40219.1
Project("{9A19103F-16F7-4668-BE54-9A1E7A4F7556}") = "Joker.IdentityServer4.IdentityProvider.WebApi", "Joker.IdentityServer4.IdentityProvider.WebApi\Joker.IdentityServer4.IdentityProvider.WebApi.csproj", "{3AF6BBE9-7EC4-4E70-BD72-D2625318D554}"
EndProject
Project("{2150E333-8FDC-42A3-9474-1A3956D46DE8}") = "Solution Items", "Solution Items", "{AC138BCD-83BB-4213-99AB-2AC2B04EE7F4}"
	ProjectSection(SolutionItems) = preProject
		Readme.md = Readme.md
	EndProjectSection
EndProject
Project("{FAE04EC0-301F-11D3-BF4B-00C04F79EFBC}") = "Joker.IdentityServer4.Resources.WebApi", "Joker.IdentityServer4.Resources.WebApi\Joker.IdentityServer4.Resources.WebApi.csproj", "{5F187924-A199-4160-A18E-21303F07D0F4}"
EndProject
Project("{FAE04EC0-301F-11D3-BF4B-00C04F79EFBC}") = "Joker.IdentityServer4.Client.WebUI", "Joker.IdentityServer4.Client.WebUI\Joker.IdentityServer4.Client.WebUI.csproj", "{7A9CD23C-1B71-4231-B6CB-49B80793BE11}"
EndProject
Global
	GlobalSection(SolutionConfigurationPlatforms) = preSolution
		Debug|Any CPU = Debug|Any CPU
		Release|Any CPU = Release|Any CPU
	EndGlobalSection
	GlobalSection(ProjectConfigurationPlatforms) = postSolution
		{3AF6BBE9-7EC4-4E70-BD72-D2625318D554}.Debug|Any CPU.ActiveCfg = Debug|Any CPU
		{3AF6BBE9-7EC4-4E70-BD72-D2625318D554}.Debug|Any CPU.Build.0 = Debug|Any CPU
		{3AF6BBE9-7EC4-4E70-BD72-D2625318D554}.Release|Any CPU.ActiveCfg = Release|Any CPU
		{3AF6BBE9-7EC4-4E70-BD72-D2625318D554}.Release|Any CPU.Build.0 = Release|Any CPU
		{5F187924-A199-4160-A18E-21303F07D0F4}.Debug|Any CPU.ActiveCfg = Debug|Any CPU
		{5F187924-A199-4160-A18E-21303F07D0F4}.Debug|Any CPU.Build.0 = Debug|Any CPU
		{5F187924-A199-4160-A18E-21303F07D0F4}.Release|Any CPU.ActiveCfg = Release|Any CPU
		{5F187924-A199-4160-A18E-21303F07D0F4}.Release|Any CPU.Build.0 = Release|Any CPU
		{7A9CD23C-1B71-4231-B6CB-49B80793BE11}.Debug|Any CPU.ActiveCfg = Debug|Any CPU
		{7A9CD23C-1B71-4231-B6CB-49B80793BE11}.Debug|Any CPU.Build.0 = Debug|Any CPU
		{7A9CD23C-1B71-4231-B6CB-49B80793BE11}.Release|Any CPU.ActiveCfg = Release|Any CPU
		{7A9CD23C-1B71-4231-B6CB-49B80793BE11}.Release|Any CPU.Build.0 = Release|Any CPU
	EndGlobalSection
	GlobalSection(SolutionProperties) = preSolution
		HideSolutionNode = FALSE
	EndGlobalSection
	GlobalSection(ExtensibilityGlobals) = postSolution
		SolutionGuid = {8B1A68CE-1026-41BE-A104-12E6A0C1F0AB}
	EndGlobalSection
EndGlobal
